// !$*UTF8*$!
{
	archiveVersion = 1;
	classes = {
	};
	objectVersion = 50;
	objects = {

/* Begin PBXBuildFile section */
		0AFFAEF1FB83029D52D02438 /* Pods_Itunes.framework in Frameworks */ = {isa = PBXBuildFile; fileRef = 4E05DD0791DC16207A91C3AF /* Pods_Itunes.framework */; };
		39168280225F7AF100BDD47A /* FavoritesViewController.swift in Sources */ = {isa = PBXBuildFile; fileRef = 3916827F225F7AF100BDD47A /* FavoritesViewController.swift */; };
		39350ED4224E4A9E007CD5C5 /* LoginViewController.swift in Sources */ = {isa = PBXBuildFile; fileRef = 39350ED3224E4A9E007CD5C5 /* LoginViewController.swift */; };
		39350ED6224E700D007CD5C5 /* GoogleService-Info.plist in Resources */ = {isa = PBXBuildFile; fileRef = 39350ED5224E700D007CD5C5 /* GoogleService-Info.plist */; };
		397B0C31224D2122005C24FB /* TableViewCell.swift in Sources */ = {isa = PBXBuildFile; fileRef = 397B0C30224D2122005C24FB /* TableViewCell.swift */; };
		39CF0B10223BDD68005793DD /* AppDelegate.swift in Sources */ = {isa = PBXBuildFile; fileRef = 39CF0B0F223BDD68005793DD /* AppDelegate.swift */; };
		39CF0B12223BDD68005793DD /* ViewController.swift in Sources */ = {isa = PBXBuildFile; fileRef = 39CF0B11223BDD68005793DD /* ViewController.swift */; };
		39CF0B15223BDD68005793DD /* Main.storyboard in Resources */ = {isa = PBXBuildFile; fileRef = 39CF0B13223BDD68005793DD /* Main.storyboard */; };
		39CF0B17223BDD69005793DD /* Assets.xcassets in Resources */ = {isa = PBXBuildFile; fileRef = 39CF0B16223BDD69005793DD /* Assets.xcassets */; };
		39CF0B1A223BDD69005793DD /* LaunchScreen.storyboard in Resources */ = {isa = PBXBuildFile; fileRef = 39CF0B18223BDD69005793DD /* LaunchScreen.storyboard */; };
		39CF0B25223BDD69005793DD /* ItunesTests.swift in Sources */ = {isa = PBXBuildFile; fileRef = 39CF0B24223BDD69005793DD /* ItunesTests.swift */; };
		39CF0B30223BDD69005793DD /* ItunesUITests.swift in Sources */ = {isa = PBXBuildFile; fileRef = 39CF0B2F223BDD69005793DD /* ItunesUITests.swift */; };
		39CF0B3E223BE31A005793DD /* Album.swift in Sources */ = {isa = PBXBuildFile; fileRef = 39CF0B3D223BE31A005793DD /* Album.swift */; };
		6CD04EC5C68DB845A12D94AC /* Pods_ItunesUITests.framework in Frameworks */ = {isa = PBXBuildFile; fileRef = 739AA5B869932F0FD6C689D8 /* Pods_ItunesUITests.framework */; };
		EA75EC47DE60FF1003B6C825 /* Pods_ItunesTests.framework in Frameworks */ = {isa = PBXBuildFile; fileRef = 8A38142290319EC8FDAFED7E /* Pods_ItunesTests.framework */; };
/* End PBXBuildFile section */

/* Begin PBXContainerItemProxy section */
		39CF0B21223BDD69005793DD /* PBXContainerItemProxy */ = {
			isa = PBXContainerItemProxy;
			containerPortal = 39CF0B04223BDD68005793DD /* Project object */;
			proxyType = 1;
			remoteGlobalIDString = 39CF0B0B223BDD68005793DD;
			remoteInfo = Itunes;
		};
		39CF0B2C223BDD69005793DD /* PBXContainerItemProxy */ = {
			isa = PBXContainerItemProxy;
			containerPortal = 39CF0B04223BDD68005793DD /* Project object */;
			proxyType = 1;
			remoteGlobalIDString = 39CF0B0B223BDD68005793DD;
			remoteInfo = Itunes;
		};
/* End PBXContainerItemProxy section */

/* Begin PBXFileReference section */
		0EC3AF650AF4F863DB9214B6 /* Pods-Itunes.debug.xcconfig */ = {isa = PBXFileReference; includeInIndex = 1; lastKnownFileType = text.xcconfig; name = "Pods-Itunes.debug.xcconfig"; path = "Target Support Files/Pods-Itunes/Pods-Itunes.debug.xcconfig"; sourceTree = "<group>"; };
		300BEE7B955BFB72D7597CDE /* Pods-Itunes.release.xcconfig */ = {isa = PBXFileReference; includeInIndex = 1; lastKnownFileType = text.xcconfig; name = "Pods-Itunes.release.xcconfig"; path = "Target Support Files/Pods-Itunes/Pods-Itunes.release.xcconfig"; sourceTree = "<group>"; };
		3916827F225F7AF100BDD47A /* FavoritesViewController.swift */ = {isa = PBXFileReference; lastKnownFileType = sourcecode.swift; path = FavoritesViewController.swift; sourceTree = "<group>"; };
		39350ED3224E4A9E007CD5C5 /* LoginViewController.swift */ = {isa = PBXFileReference; lastKnownFileType = sourcecode.swift; path = LoginViewController.swift; sourceTree = "<group>"; };
		39350ED5224E700D007CD5C5 /* GoogleService-Info.plist */ = {isa = PBXFileReference; fileEncoding = 4; lastKnownFileType = text.plist.xml; name = "GoogleService-Info.plist"; path = "../../../../../../../Downloads/GoogleService-Info.plist"; sourceTree = "<group>"; };
		397B0C30224D2122005C24FB /* TableViewCell.swift */ = {isa = PBXFileReference; lastKnownFileType = sourcecode.swift; path = TableViewCell.swift; sourceTree = "<group>"; };
		39CF0B0C223BDD68005793DD /* Itunes.app */ = {isa = PBXFileReference; explicitFileType = wrapper.application; includeInIndex = 0; path = Itunes.app; sourceTree = BUILT_PRODUCTS_DIR; };
		39CF0B0F223BDD68005793DD /* AppDelegate.swift */ = {isa = PBXFileReference; lastKnownFileType = sourcecode.swift; path = AppDelegate.swift; sourceTree = "<group>"; };
		39CF0B11223BDD68005793DD /* ViewController.swift */ = {isa = PBXFileReference; lastKnownFileType = sourcecode.swift; path = ViewController.swift; sourceTree = "<group>"; };
		39CF0B14223BDD68005793DD /* Base */ = {isa = PBXFileReference; lastKnownFileType = file.storyboard; name = Base; path = Base.lproj/Main.storyboard; sourceTree = "<group>"; };
		39CF0B16223BDD69005793DD /* Assets.xcassets */ = {isa = PBXFileReference; lastKnownFileType = folder.assetcatalog; path = Assets.xcassets; sourceTree = "<group>"; };
		39CF0B19223BDD69005793DD /* Base */ = {isa = PBXFileReference; lastKnownFileType = file.storyboard; name = Base; path = Base.lproj/LaunchScreen.storyboard; sourceTree = "<group>"; };
		39CF0B1B223BDD69005793DD /* Info.plist */ = {isa = PBXFileReference; lastKnownFileType = text.plist.xml; path = Info.plist; sourceTree = "<group>"; };
		39CF0B20223BDD69005793DD /* ItunesTests.xctest */ = {isa = PBXFileReference; explicitFileType = wrapper.cfbundle; includeInIndex = 0; path = ItunesTests.xctest; sourceTree = BUILT_PRODUCTS_DIR; };
		39CF0B24223BDD69005793DD /* ItunesTests.swift */ = {isa = PBXFileReference; lastKnownFileType = sourcecode.swift; path = ItunesTests.swift; sourceTree = "<group>"; };
		39CF0B26223BDD69005793DD /* Info.plist */ = {isa = PBXFileReference; lastKnownFileType = text.plist.xml; path = Info.plist; sourceTree = "<group>"; };
		39CF0B2B223BDD69005793DD /* ItunesUITests.xctest */ = {isa = PBXFileReference; explicitFileType = wrapper.cfbundle; includeInIndex = 0; path = ItunesUITests.xctest; sourceTree = BUILT_PRODUCTS_DIR; };
		39CF0B2F223BDD69005793DD /* ItunesUITests.swift */ = {isa = PBXFileReference; lastKnownFileType = sourcecode.swift; path = ItunesUITests.swift; sourceTree = "<group>"; };
		39CF0B31223BDD69005793DD /* Info.plist */ = {isa = PBXFileReference; lastKnownFileType = text.plist.xml; path = Info.plist; sourceTree = "<group>"; };
		39CF0B3D223BE31A005793DD /* Album.swift */ = {isa = PBXFileReference; lastKnownFileType = sourcecode.swift; path = Album.swift; sourceTree = "<group>"; };
		4E05DD0791DC16207A91C3AF /* Pods_Itunes.framework */ = {isa = PBXFileReference; explicitFileType = wrapper.framework; includeInIndex = 0; path = Pods_Itunes.framework; sourceTree = BUILT_PRODUCTS_DIR; };
		739AA5B869932F0FD6C689D8 /* Pods_ItunesUITests.framework */ = {isa = PBXFileReference; explicitFileType = wrapper.framework; includeInIndex = 0; path = Pods_ItunesUITests.framework; sourceTree = BUILT_PRODUCTS_DIR; };
		8A38142290319EC8FDAFED7E /* Pods_ItunesTests.framework */ = {isa = PBXFileReference; explicitFileType = wrapper.framework; includeInIndex = 0; path = Pods_ItunesTests.framework; sourceTree = BUILT_PRODUCTS_DIR; };
		92D2C501420F31ABA1439B9A /* Pods-ItunesTests.debug.xcconfig */ = {isa = PBXFileReference; includeInIndex = 1; lastKnownFileType = text.xcconfig; name = "Pods-ItunesTests.debug.xcconfig"; path = "Target Support Files/Pods-ItunesTests/Pods-ItunesTests.debug.xcconfig"; sourceTree = "<group>"; };
		DC09251E09B1DC8A6A37AF7A /* Pods-ItunesUITests.debug.xcconfig */ = {isa = PBXFileReference; includeInIndex = 1; lastKnownFileType = text.xcconfig; name = "Pods-ItunesUITests.debug.xcconfig"; path = "Target Support Files/Pods-ItunesUITests/Pods-ItunesUITests.debug.xcconfig"; sourceTree = "<group>"; };
		E2002F5F2838E6554D16DA55 /* Pods-ItunesTests.release.xcconfig */ = {isa = PBXFileReference; includeInIndex = 1; lastKnownFileType = text.xcconfig; name = "Pods-ItunesTests.release.xcconfig"; path = "Target Support Files/Pods-ItunesTests/Pods-ItunesTests.release.xcconfig"; sourceTree = "<group>"; };
		EBF71C3CFBB9963554D89C70 /* Pods-ItunesUITests.release.xcconfig */ = {isa = PBXFileReference; includeInIndex = 1; lastKnownFileType = text.xcconfig; name = "Pods-ItunesUITests.release.xcconfig"; path = "Target Support Files/Pods-ItunesUITests/Pods-ItunesUITests.release.xcconfig"; sourceTree = "<group>"; };
/* End PBXFileReference section */

/* Begin PBXFrameworksBuildPhase section */
		39CF0B09223BDD68005793DD /* Frameworks */ = {
			isa = PBXFrameworksBuildPhase;
			buildActionMask = 2147483647;
			files = (
				0AFFAEF1FB83029D52D02438 /* Pods_Itunes.framework in Frameworks */,
			);
			runOnlyForDeploymentPostprocessing = 0;
		};
		39CF0B1D223BDD69005793DD /* Frameworks */ = {
			isa = PBXFrameworksBuildPhase;
			buildActionMask = 2147483647;
			files = (
				EA75EC47DE60FF1003B6C825 /* Pods_ItunesTests.framework in Frameworks */,
			);
			runOnlyForDeploymentPostprocessing = 0;
		};
		39CF0B28223BDD69005793DD /* Frameworks */ = {
			isa = PBXFrameworksBuildPhase;
			buildActionMask = 2147483647;
			files = (
				6CD04EC5C68DB845A12D94AC /* Pods_ItunesUITests.framework in Frameworks */,
			);
			runOnlyForDeploymentPostprocessing = 0;
		};
/* End PBXFrameworksBuildPhase section */

/* Begin PBXGroup section */
		03EA01F89861A502FA36DE0F /* Frameworks */ = {
			isa = PBXGroup;
			children = (
				4E05DD0791DC16207A91C3AF /* Pods_Itunes.framework */,
				8A38142290319EC8FDAFED7E /* Pods_ItunesTests.framework */,
				739AA5B869932F0FD6C689D8 /* Pods_ItunesUITests.framework */,
			);
			name = Frameworks;
			sourceTree = "<group>";
		};
		39CF0B03223BDD68005793DD = {
			isa = PBXGroup;
			children = (
				39CF0B0E223BDD68005793DD /* Itunes */,
				39CF0B23223BDD69005793DD /* ItunesTests */,
				39CF0B2E223BDD69005793DD /* ItunesUITests */,
				39CF0B0D223BDD68005793DD /* Products */,
				AE37B508438085E7897443BD /* Pods */,
				03EA01F89861A502FA36DE0F /* Frameworks */,
			);
			sourceTree = "<group>";
		};
		39CF0B0D223BDD68005793DD /* Products */ = {
			isa = PBXGroup;
			children = (
				39CF0B0C223BDD68005793DD /* Itunes.app */,
				39CF0B20223BDD69005793DD /* ItunesTests.xctest */,
				39CF0B2B223BDD69005793DD /* ItunesUITests.xctest */,
			);
			name = Products;
			sourceTree = "<group>";
		};
		39CF0B0E223BDD68005793DD /* Itunes */ = {
			isa = PBXGroup;
			children = (
				39CF0B3D223BE31A005793DD /* Album.swift */,
				39CF0B0F223BDD68005793DD /* AppDelegate.swift */,
				39CF0B11223BDD68005793DD /* ViewController.swift */,
				39CF0B13223BDD68005793DD /* Main.storyboard */,
				39350ED3224E4A9E007CD5C5 /* LoginViewController.swift */,
				39CF0B16223BDD69005793DD /* Assets.xcassets */,
				39CF0B18223BDD69005793DD /* LaunchScreen.storyboard */,
				39CF0B1B223BDD69005793DD /* Info.plist */,
				397B0C30224D2122005C24FB /* TableViewCell.swift */,
				39350ED5224E700D007CD5C5 /* GoogleService-Info.plist */,
				3916827F225F7AF100BDD47A /* FavoritesViewController.swift */,
			);
			path = Itunes;
			sourceTree = "<group>";
		};
		39CF0B23223BDD69005793DD /* ItunesTests */ = {
			isa = PBXGroup;
			children = (
				39CF0B24223BDD69005793DD /* ItunesTests.swift */,
				39CF0B26223BDD69005793DD /* Info.plist */,
			);
			path = ItunesTests;
			sourceTree = "<group>";
		};
		39CF0B2E223BDD69005793DD /* ItunesUITests */ = {
			isa = PBXGroup;
			children = (
				39CF0B2F223BDD69005793DD /* ItunesUITests.swift */,
				39CF0B31223BDD69005793DD /* Info.plist */,
			);
			path = ItunesUITests;
			sourceTree = "<group>";
		};
		AE37B508438085E7897443BD /* Pods */ = {
			isa = PBXGroup;
			children = (
				0EC3AF650AF4F863DB9214B6 /* Pods-Itunes.debug.xcconfig */,
				300BEE7B955BFB72D7597CDE /* Pods-Itunes.release.xcconfig */,
				92D2C501420F31ABA1439B9A /* Pods-ItunesTests.debug.xcconfig */,
				E2002F5F2838E6554D16DA55 /* Pods-ItunesTests.release.xcconfig */,
				DC09251E09B1DC8A6A37AF7A /* Pods-ItunesUITests.debug.xcconfig */,
				EBF71C3CFBB9963554D89C70 /* Pods-ItunesUITests.release.xcconfig */,
			);
			path = Pods;
			sourceTree = "<group>";
		};
/* End PBXGroup section */

/* Begin PBXNativeTarget section */
		39CF0B0B223BDD68005793DD /* Itunes */ = {
			isa = PBXNativeTarget;
			buildConfigurationList = 39CF0B34223BDD69005793DD /* Build configuration list for PBXNativeTarget "Itunes" */;
			buildPhases = (
				AEE5A109B549F391FF789536 /* [CP] Check Pods Manifest.lock */,
				39CF0B08223BDD68005793DD /* Sources */,
				39CF0B09223BDD68005793DD /* Frameworks */,
				39CF0B0A223BDD68005793DD /* Resources */,
				1A69A4AA9D633DDE37AEDE05 /* [CP] Embed Pods Frameworks */,
			);
			buildRules = (
			);
			dependencies = (
			);
			name = Itunes;
			productName = Itunes;
			productReference = 39CF0B0C223BDD68005793DD /* Itunes.app */;
			productType = "com.apple.product-type.application";
		};
		39CF0B1F223BDD69005793DD /* ItunesTests */ = {
			isa = PBXNativeTarget;
			buildConfigurationList = 39CF0B37223BDD69005793DD /* Build configuration list for PBXNativeTarget "ItunesTests" */;
			buildPhases = (
				7557453F2394BD46354F1362 /* [CP] Check Pods Manifest.lock */,
				39CF0B1C223BDD69005793DD /* Sources */,
				39CF0B1D223BDD69005793DD /* Frameworks */,
				39CF0B1E223BDD69005793DD /* Resources */,
			);
			buildRules = (
			);
			dependencies = (
				39CF0B22223BDD69005793DD /* PBXTargetDependency */,
			);
			name = ItunesTests;
			productName = ItunesTests;
			productReference = 39CF0B20223BDD69005793DD /* ItunesTests.xctest */;
			productType = "com.apple.product-type.bundle.unit-test";
		};
		39CF0B2A223BDD69005793DD /* ItunesUITests */ = {
			isa = PBXNativeTarget;
			buildConfigurationList = 39CF0B3A223BDD69005793DD /* Build configuration list for PBXNativeTarget "ItunesUITests" */;
			buildPhases = (
				B5524C9A2833A5A890F307E7 /* [CP] Check Pods Manifest.lock */,
				39CF0B27223BDD69005793DD /* Sources */,
				39CF0B28223BDD69005793DD /* Frameworks */,
				39CF0B29223BDD69005793DD /* Resources */,
			);
			buildRules = (
			);
			dependencies = (
				39CF0B2D223BDD69005793DD /* PBXTargetDependency */,
			);
			name = ItunesUITests;
			productName = ItunesUITests;
			productReference = 39CF0B2B223BDD69005793DD /* ItunesUITests.xctest */;
			productType = "com.apple.product-type.bundle.ui-testing";
		};
/* End PBXNativeTarget section */

/* Begin PBXProject section */
		39CF0B04223BDD68005793DD /* Project object */ = {
			isa = PBXProject;
			attributes = {
				LastSwiftUpdateCheck = 1010;
				LastUpgradeCheck = 1010;
				ORGANIZATIONNAME = "Anthony  Dupré";
				TargetAttributes = {
					39CF0B0B223BDD68005793DD = {
						CreatedOnToolsVersion = 10.1;
					};
					39CF0B1F223BDD69005793DD = {
						CreatedOnToolsVersion = 10.1;
						TestTargetID = 39CF0B0B223BDD68005793DD;
					};
					39CF0B2A223BDD69005793DD = {
						CreatedOnToolsVersion = 10.1;
						TestTargetID = 39CF0B0B223BDD68005793DD;
					};
				};
			};
			buildConfigurationList = 39CF0B07223BDD68005793DD /* Build configuration list for PBXProject "Itunes" */;
			compatibilityVersion = "Xcode 9.3";
			developmentRegion = en;
			hasScannedForEncodings = 0;
			knownRegions = (
				en,
				Base,
			);
			mainGroup = 39CF0B03223BDD68005793DD;
			productRefGroup = 39CF0B0D223BDD68005793DD /* Products */;
			projectDirPath = "";
			projectRoot = "";
			targets = (
				39CF0B0B223BDD68005793DD /* Itunes */,
				39CF0B1F223BDD69005793DD /* ItunesTests */,
				39CF0B2A223BDD69005793DD /* ItunesUITests */,
			);
		};
/* End PBXProject section */

/* Begin PBXResourcesBuildPhase section */
		39CF0B0A223BDD68005793DD /* Resources */ = {
			isa = PBXResourcesBuildPhase;
			buildActionMask = 2147483647;
			files = (
				39CF0B1A223BDD69005793DD /* LaunchScreen.storyboard in Resources */,
				39350ED6224E700D007CD5C5 /* GoogleService-Info.plist in Resources */,
				39CF0B17223BDD69005793DD /* Assets.xcassets in Resources */,
				39CF0B15223BDD68005793DD /* Main.storyboard in Resources */,
			);
			runOnlyForDeploymentPostprocessing = 0;
		};
		39CF0B1E223BDD69005793DD /* Resources */ = {
			isa = PBXResourcesBuildPhase;
			buildActionMask = 2147483647;
			files = (
			);
			runOnlyForDeploymentPostprocessing = 0;
		};
		39CF0B29223BDD69005793DD /* Resources */ = {
			isa = PBXResourcesBuildPhase;
			buildActionMask = 2147483647;
			files = (
			);
			runOnlyForDeploymentPostprocessing = 0;
		};
/* End PBXResourcesBuildPhase section */

/* Begin PBXShellScriptBuildPhase section */
		1A69A4AA9D633DDE37AEDE05 /* [CP] Embed Pods Frameworks */ = {
			isa = PBXShellScriptBuildPhase;
			buildActionMask = 2147483647;
			files = (
			);
			inputFileListPaths = (
			);
			inputPaths = (
				"${PODS_ROOT}/Target Support Files/Pods-Itunes/Pods-Itunes-frameworks.sh",
				"${BUILT_PRODUCTS_DIR}/Alamofire/Alamofire.framework",
				"${BUILT_PRODUCTS_DIR}/BoringSSL-GRPC/openssl_grpc.framework",
				"${BUILT_PRODUCTS_DIR}/GTMSessionFetcher/GTMSessionFetcher.framework",
				"${BUILT_PRODUCTS_DIR}/GoogleUtilities/GoogleUtilities.framework",
				"${BUILT_PRODUCTS_DIR}/Protobuf/Protobuf.framework",
				"${BUILT_PRODUCTS_DIR}/SwiftyJSON/SwiftyJSON.framework",
				"${BUILT_PRODUCTS_DIR}/gRPC-C++/grpcpp.framework",
				"${BUILT_PRODUCTS_DIR}/gRPC-Core/grpc.framework",
				"${BUILT_PRODUCTS_DIR}/leveldb-library/leveldb.framework",
				"${BUILT_PRODUCTS_DIR}/nanopb/nanopb.framework",
			);
			name = "[CP] Embed Pods Frameworks";
			outputFileListPaths = (
			);
			outputPaths = (
				"${TARGET_BUILD_DIR}/${FRAMEWORKS_FOLDER_PATH}/Alamofire.framework",
				"${TARGET_BUILD_DIR}/${FRAMEWORKS_FOLDER_PATH}/openssl_grpc.framework",
				"${TARGET_BUILD_DIR}/${FRAMEWORKS_FOLDER_PATH}/GTMSessionFetcher.framework",
				"${TARGET_BUILD_DIR}/${FRAMEWORKS_FOLDER_PATH}/GoogleUtilities.framework",
				"${TARGET_BUILD_DIR}/${FRAMEWORKS_FOLDER_PATH}/Protobuf.framework",
				"${TARGET_BUILD_DIR}/${FRAMEWORKS_FOLDER_PATH}/SwiftyJSON.framework",
				"${TARGET_BUILD_DIR}/${FRAMEWORKS_FOLDER_PATH}/grpcpp.framework",
				"${TARGET_BUILD_DIR}/${FRAMEWORKS_FOLDER_PATH}/grpc.framework",
				"${TARGET_BUILD_DIR}/${FRAMEWORKS_FOLDER_PATH}/leveldb.framework",
				"${TARGET_BUILD_DIR}/${FRAMEWORKS_FOLDER_PATH}/nanopb.framework",
			);
			runOnlyForDeploymentPostprocessing = 0;
			shellPath = /bin/sh;
			shellScript = "\"${PODS_ROOT}/Target Support Files/Pods-Itunes/Pods-Itunes-frameworks.sh\"\n";
			showEnvVarsInLog = 0;
		};
		7557453F2394BD46354F1362 /* [CP] Check Pods Manifest.lock */ = {
			isa = PBXShellScriptBuildPhase;
			buildActionMask = 2147483647;
			files = (
			);
			inputFileListPaths = (
			);
			inputPaths = (
				"${PODS_PODFILE_DIR_PATH}/Podfile.lock",
				"${PODS_ROOT}/Manifest.lock",
			);
			name = "[CP] Check Pods Manifest.lock";
			outputFileListPaths = (
			);
			outputPaths = (
				"$(DERIVED_FILE_DIR)/Pods-ItunesTests-checkManifestLockResult.txt",
			);
			runOnlyForDeploymentPostprocessing = 0;
			shellPath = /bin/sh;
			shellScript = "diff \"${PODS_PODFILE_DIR_PATH}/Podfile.lock\" \"${PODS_ROOT}/Manifest.lock\" > /dev/null\nif [ $? != 0 ] ; then\n    # print error to STDERR\n    echo \"error: The sandbox is not in sync with the Podfile.lock. Run 'pod install' or update your CocoaPods installation.\" >&2\n    exit 1\nfi\n# This output is used by Xcode 'outputs' to avoid re-running this script phase.\necho \"SUCCESS\" > \"${SCRIPT_OUTPUT_FILE_0}\"\n";
			showEnvVarsInLog = 0;
		};
		AEE5A109B549F391FF789536 /* [CP] Check Pods Manifest.lock */ = {
			isa = PBXShellScriptBuildPhase;
			buildActionMask = 2147483647;
			files = (
			);
			inputFileListPaths = (
			);
			inputPaths = (
				"${PODS_PODFILE_DIR_PATH}/Podfile.lock",
				"${PODS_ROOT}/Manifest.lock",
			);
			name = "[CP] Check Pods Manifest.lock";
			outputFileListPaths = (
			);
			outputPaths = (
				"$(DERIVED_FILE_DIR)/Pods-Itunes-checkManifestLockResult.txt",
			);
			runOnlyForDeploymentPostprocessing = 0;
			shellPath = /bin/sh;
			shellScript = "diff \"${PODS_PODFILE_DIR_PATH}/Podfile.lock\" \"${PODS_ROOT}/Manifest.lock\" > /dev/null\nif [ $? != 0 ] ; then\n    # print error to STDERR\n    echo \"error: The sandbox is not in sync with the Podfile.lock. Run 'pod install' or update your CocoaPods installation.\" >&2\n    exit 1\nfi\n# This output is used by Xcode 'outputs' to avoid re-running this script phase.\necho \"SUCCESS\" > \"${SCRIPT_OUTPUT_FILE_0}\"\n";
			showEnvVarsInLog = 0;
		};
		B5524C9A2833A5A890F307E7 /* [CP] Check Pods Manifest.lock */ = {
			isa = PBXShellScriptBuildPhase;
			buildActionMask = 2147483647;
			files = (
			);
			inputFileListPaths = (
			);
			inputPaths = (
				"${PODS_PODFILE_DIR_PATH}/Podfile.lock",
				"${PODS_ROOT}/Manifest.lock",
			);
			name = "[CP] Check Pods Manifest.lock";
			outputFileListPaths = (
			);
			outputPaths = (
				"$(DERIVED_FILE_DIR)/Pods-ItunesUITests-checkManifestLockResult.txt",
			);
			runOnlyForDeploymentPostprocessing = 0;
			shellPath = /bin/sh;
			shellScript = "diff \"${PODS_PODFILE_DIR_PATH}/Podfile.lock\" \"${PODS_ROOT}/Manifest.lock\" > /dev/null\nif [ $? != 0 ] ; then\n    # print error to STDERR\n    echo \"error: The sandbox is not in sync with the Podfile.lock. Run 'pod install' or update your CocoaPods installation.\" >&2\n    exit 1\nfi\n# This output is used by Xcode 'outputs' to avoid re-running this script phase.\necho \"SUCCESS\" > \"${SCRIPT_OUTPUT_FILE_0}\"\n";
			showEnvVarsInLog = 0;
		};
/* End PBXShellScriptBuildPhase section */

/* Begin PBXSourcesBuildPhase section */
		39CF0B08223BDD68005793DD /* Sources */ = {
			isa = PBXSourcesBuildPhase;
			buildActionMask = 2147483647;
			files = (
				39CF0B12223BDD68005793DD /* ViewController.swift in Sources */,
				397B0C31224D2122005C24FB /* TableViewCell.swift in Sources */,
				39CF0B10223BDD68005793DD /* AppDelegate.swift in Sources */,
				39350ED4224E4A9E007CD5C5 /* LoginViewController.swift in Sources */,
				39168280225F7AF100BDD47A /* FavoritesViewController.swift in Sources */,
				39CF0B3E223BE31A005793DD /* Album.swift in Sources */,
			);
			runOnlyForDeploymentPostprocessing = 0;
		};
		39CF0B1C223BDD69005793DD /* Sources */ = {
			isa = PBXSourcesBuildPhase;
			buildActionMask = 2147483647;
			files = (
				39CF0B25223BDD69005793DD /* ItunesTests.swift in Sources */,
			);
			runOnlyForDeploymentPostprocessing = 0;
		};
		39CF0B27223BDD69005793DD /* Sources */ = {
			isa = PBXSourcesBuildPhase;
			buildActionMask = 2147483647;
			files = (
				39CF0B30223BDD69005793DD /* ItunesUITests.swift in Sources */,
			);
			runOnlyForDeploymentPostprocessing = 0;
		};
/* End PBXSourcesBuildPhase section */

/* Begin PBXTargetDependency section */
		39CF0B22223BDD69005793DD /* PBXTargetDependency */ = {
			isa = PBXTargetDependency;
			target = 39CF0B0B223BDD68005793DD /* Itunes */;
			targetProxy = 39CF0B21223BDD69005793DD /* PBXContainerItemProxy */;
		};
		39CF0B2D223BDD69005793DD /* PBXTargetDependency */ = {
			isa = PBXTargetDependency;
			target = 39CF0B0B223BDD68005793DD /* Itunes */;
			targetProxy = 39CF0B2C223BDD69005793DD /* PBXContainerItemProxy */;
		};
/* End PBXTargetDependency section */

/* Begin PBXVariantGroup section */
		39CF0B13223BDD68005793DD /* Main.storyboard */ = {
			isa = PBXVariantGroup;
			children = (
				39CF0B14223BDD68005793DD /* Base */,
			);
			name = Main.storyboard;
			sourceTree = "<group>";
		};
		39CF0B18223BDD69005793DD /* LaunchScreen.storyboard */ = {
			isa = PBXVariantGroup;
			children = (
				39CF0B19223BDD69005793DD /* Base */,
			);
			name = LaunchScreen.storyboard;
			sourceTree = "<group>";
		};
/* End PBXVariantGroup section */

/* Begin XCBuildConfiguration section */
		39CF0B32223BDD69005793DD /* Debug */ = {
			isa = XCBuildConfiguration;
			buildSettings = {
				ALWAYS_SEARCH_USER_PATHS = NO;
				CLANG_ANALYZER_NONNULL = YES;
				CLANG_ANALYZER_NUMBER_OBJECT_CONVERSION = YES_AGGRESSIVE;
				CLANG_CXX_LANGUAGE_STANDARD = "gnu++14";
				CLANG_CXX_LIBRARY = "libc++";
				CLANG_ENABLE_MODULES = YES;
				CLANG_ENABLE_OBJC_ARC = YES;
				CLANG_ENABLE_OBJC_WEAK = YES;
				CLANG_WARN_BLOCK_CAPTURE_AUTORELEASING = YES;
				CLANG_WARN_BOOL_CONVERSION = YES;
				CLANG_WARN_COMMA = YES;
				CLANG_WARN_CONSTANT_CONVERSION = YES;
				CLANG_WARN_DEPRECATED_OBJC_IMPLEMENTATIONS = YES;
				CLANG_WARN_DIRECT_OBJC_ISA_USAGE = YES_ERROR;
				CLANG_WARN_DOCUMENTATION_COMMENTS = YES;
				CLANG_WARN_EMPTY_BODY = YES;
				CLANG_WARN_ENUM_CONVERSION = YES;
				CLANG_WARN_INFINITE_RECURSION = YES;
				CLANG_WARN_INT_CONVERSION = YES;
				CLANG_WARN_NON_LITERAL_NULL_CONVERSION = YES;
				CLANG_WARN_OBJC_IMPLICIT_RETAIN_SELF = YES;
				CLANG_WARN_OBJC_LITERAL_CONVERSION = YES;
				CLANG_WARN_OBJC_ROOT_CLASS = YES_ERROR;
				CLANG_WARN_RANGE_LOOP_ANALYSIS = YES;
				CLANG_WARN_STRICT_PROTOTYPES = YES;
				CLANG_WARN_SUSPICIOUS_MOVE = YES;
				CLANG_WARN_UNGUARDED_AVAILABILITY = YES_AGGRESSIVE;
				CLANG_WARN_UNREACHABLE_CODE = YES;
				CLANG_WARN__DUPLICATE_METHOD_MATCH = YES;
				CODE_SIGN_IDENTITY = "iPhone Developer";
				COPY_PHASE_STRIP = NO;
				DEBUG_INFORMATION_FORMAT = dwarf;
				ENABLE_STRICT_OBJC_MSGSEND = YES;
				ENABLE_TESTABILITY = YES;
				GCC_C_LANGUAGE_STANDARD = gnu11;
				GCC_DYNAMIC_NO_PIC = NO;
				GCC_NO_COMMON_BLOCKS = YES;
				GCC_OPTIMIZATION_LEVEL = 0;
				GCC_PREPROCESSOR_DEFINITIONS = (
					"DEBUG=1",
					"$(inherited)",
				);
				GCC_WARN_64_TO_32_BIT_CONVERSION = YES;
				GCC_WARN_ABOUT_RETURN_TYPE = YES_ERROR;
				GCC_WARN_UNDECLARED_SELECTOR = YES;
				GCC_WARN_UNINITIALIZED_AUTOS = YES_AGGRESSIVE;
				GCC_WARN_UNUSED_FUNCTION = YES;
				GCC_WARN_UNUSED_VARIABLE = YES;
				IPHONEOS_DEPLOYMENT_TARGET = 12.1;
				MTL_ENABLE_DEBUG_INFO = INCLUDE_SOURCE;
				MTL_FAST_MATH = YES;
				ONLY_ACTIVE_ARCH = YES;
				SDKROOT = iphoneos;
				SWIFT_ACTIVE_COMPILATION_CONDITIONS = DEBUG;
				SWIFT_OPTIMIZATION_LEVEL = "-Onone";
			};
			name = Debug;
		};
		39CF0B33223BDD69005793DD /* Release */ = {
			isa = XCBuildConfiguration;
			buildSettings = {
				ALWAYS_SEARCH_USER_PATHS = NO;
				CLANG_ANALYZER_NONNULL = YES;
				CLANG_ANALYZER_NUMBER_OBJECT_CONVERSION = YES_AGGRESSIVE;
				CLANG_CXX_LANGUAGE_STANDARD = "gnu++14";
				CLANG_CXX_LIBRARY = "libc++";
				CLANG_ENABLE_MODULES = YES;
				CLANG_ENABLE_OBJC_ARC = YES;
				CLANG_ENABLE_OBJC_WEAK = YES;
				CLANG_WARN_BLOCK_CAPTURE_AUTORELEASING = YES;
				CLANG_WARN_BOOL_CONVERSION = YES;
				CLANG_WARN_COMMA = YES;
				CLANG_WARN_CONSTANT_CONVERSION = YES;
				CLANG_WARN_DEPRECATED_OBJC_IMPLEMENTATIONS = YES;
				CLANG_WARN_DIRECT_OBJC_ISA_USAGE = YES_ERROR;
				CLANG_WARN_DOCUMENTATION_COMMENTS = YES;
				CLANG_WARN_EMPTY_BODY = YES;
				CLANG_WARN_ENUM_CONVERSION = YES;
				CLANG_WARN_INFINITE_RECURSION = YES;
				CLANG_WARN_INT_CONVERSION = YES;
				CLANG_WARN_NON_LITERAL_NULL_CONVERSION = YES;
				CLANG_WARN_OBJC_IMPLICIT_RETAIN_SELF = YES;
				CLANG_WARN_OBJC_LITERAL_CONVERSION = YES;
				CLANG_WARN_OBJC_ROOT_CLASS = YES_ERROR;
				CLANG_WARN_RANGE_LOOP_ANALYSIS = YES;
				CLANG_WARN_STRICT_PROTOTYPES = YES;
				CLANG_WARN_SUSPICIOUS_MOVE = YES;
				CLANG_WARN_UNGUARDED_AVAILABILITY = YES_AGGRESSIVE;
				CLANG_WARN_UNREACHABLE_CODE = YES;
				CLANG_WARN__DUPLICATE_METHOD_MATCH = YES;
				CODE_SIGN_IDENTITY = "iPhone Developer";
				COPY_PHASE_STRIP = NO;
				DEBUG_INFORMATION_FORMAT = "dwarf-with-dsym";
				ENABLE_NS_ASSERTIONS = NO;
				ENABLE_STRICT_OBJC_MSGSEND = YES;
				GCC_C_LANGUAGE_STANDARD = gnu11;
				GCC_NO_COMMON_BLOCKS = YES;
				GCC_WARN_64_TO_32_BIT_CONVERSION = YES;
				GCC_WARN_ABOUT_RETURN_TYPE = YES_ERROR;
				GCC_WARN_UNDECLARED_SELECTOR = YES;
				GCC_WARN_UNINITIALIZED_AUTOS = YES_AGGRESSIVE;
				GCC_WARN_UNUSED_FUNCTION = YES;
				GCC_WARN_UNUSED_VARIABLE = YES;
				IPHONEOS_DEPLOYMENT_TARGET = 12.1;
				MTL_ENABLE_DEBUG_INFO = NO;
				MTL_FAST_MATH = YES;
				SDKROOT = iphoneos;
				SWIFT_COMPILATION_MODE = wholemodule;
				SWIFT_OPTIMIZATION_LEVEL = "-O";
				VALIDATE_PRODUCT = YES;
			};
			name = Release;
		};
		39CF0B35223BDD69005793DD /* Debug */ = {
			isa = XCBuildConfiguration;
			baseConfigurationReference = 0EC3AF650AF4F863DB9214B6 /* Pods-Itunes.debug.xcconfig */;
			buildSettings = {
				ASSETCATALOG_COMPILER_APPICON_NAME = AppIcon;
				CODE_SIGN_STYLE = Automatic;
				DEVELOPMENT_TEAM = B57TFVB5RM;
				INFOPLIST_FILE = Itunes/Info.plist;
				LD_RUNPATH_SEARCH_PATHS = (
					"$(inherited)",
					"@executable_path/Frameworks",
				);
				PRODUCT_BUNDLE_IDENTIFIER = exercice.Itunes;
				PRODUCT_NAME = "$(TARGET_NAME)";
				SWIFT_VERSION = 4.2;
				TARGETED_DEVICE_FAMILY = "1,2";
			};
			name = Debug;
		};
		39CF0B36223BDD69005793DD /* Release */ = {
			isa = XCBuildConfiguration;
			baseConfigurationReference = 300BEE7B955BFB72D7597CDE /* Pods-Itunes.release.xcconfig */;
			buildSettings = {
				ASSETCATALOG_COMPILER_APPICON_NAME = AppIcon;
				CODE_SIGN_STYLE = Automatic;
				DEVELOPMENT_TEAM = B57TFVB5RM;
				INFOPLIST_FILE = Itunes/Info.plist;
				LD_RUNPATH_SEARCH_PATHS = (
					"$(inherited)",
					"@executable_path/Frameworks",
				);
				PRODUCT_BUNDLE_IDENTIFIER = exercice.Itunes;
				PRODUCT_NAME = "$(TARGET_NAME)";
				SWIFT_VERSION = 4.2;
				TARGETED_DEVICE_FAMILY = "1,2";
			};
			name = Release;
		};
		39CF0B38223BDD69005793DD /* Debug */ = {
			isa = XCBuildConfiguration;
			baseConfigurationReference = 92D2C501420F31ABA1439B9A /* Pods-ItunesTests.debug.xcconfig */;
			buildSettings = {
				ALWAYS_EMBED_SWIFT_STANDARD_LIBRARIES = YES;
				BUNDLE_LOADER = "$(TEST_HOST)";
				CODE_SIGN_STYLE = Automatic;
				DEVELOPMENT_TEAM = B57TFVB5RM;
				INFOPLIST_FILE = ItunesTests/Info.plist;
				LD_RUNPATH_SEARCH_PATHS = (
					"$(inherited)",
					"@executable_path/Frameworks",
					"@loader_path/Frameworks",
				);
				PRODUCT_BUNDLE_IDENTIFIER = exercice.ItunesTests;
				PRODUCT_NAME = "$(TARGET_NAME)";
				SWIFT_VERSION = 4.2;
				TARGETED_DEVICE_FAMILY = "1,2";
				TEST_HOST = "$(BUILT_PRODUCTS_DIR)/Itunes.app/Itunes";
			};
			name = Debug;
		};
		39CF0B39223BDD69005793DD /* Release */ = {
			isa = XCBuildConfiguration;
			baseConfigurationReference = E2002F5F2838E6554D16DA55 /* Pods-ItunesTests.release.xcconfig */;
			buildSettings = {
				ALWAYS_EMBED_SWIFT_STANDARD_LIBRARIES = YES;
				BUNDLE_LOADER = "$(TEST_HOST)";
				CODE_SIGN_STYLE = Automatic;
				DEVELOPMENT_TEAM = B57TFVB5RM;
				INFOPLIST_FILE = ItunesTests/Info.plist;
				LD_RUNPATH_SEARCH_PATHS = (
					"$(inherited)",
					"@executable_path/Frameworks",
					"@loader_path/Frameworks",
				);
				PRODUCT_BUNDLE_IDENTIFIER = exercice.ItunesTests;
				PRODUCT_NAME = "$(TARGET_NAME)";
				SWIFT_VERSION = 4.2;
				TARGETED_DEVICE_FAMILY = "1,2";
				TEST_HOST = "$(BUILT_PRODUCTS_DIR)/Itunes.app/Itunes";
			};
			name = Release;
		};
		39CF0B3B223BDD69005793DD /* Debug */ = {
			isa = XCBuildConfiguration;
			baseConfigurationReference = DC09251E09B1DC8A6A37AF7A /* Pods-ItunesUITests.debug.xcconfig */;
			buildSettings = {
				ALWAYS_EMBED_SWIFT_STANDARD_LIBRARIES = YES;
				CODE_SIGN_STYLE = Automatic;
				DEVELOPMENT_TEAM = B57TFVB5RM;
				INFOPLIST_FILE = ItunesUITests/Info.plist;
				LD_RUNPATH_SEARCH_PATHS = (
					"$(inherited)",
					"@executable_path/Frameworks",
					"@loader_path/Frameworks",
				);
				PRODUCT_BUNDLE_IDENTIFIER = exercice.ItunesUITests;
				PRODUCT_NAME = "$(TARGET_NAME)";
				SWIFT_VERSION = 4.2;
				TARGETED_DEVICE_FAMILY = "1,2";
				TEST_TARGET_NAME = Itunes;
			};
			name = Debug;
		};
		39CF0B3C223BDD69005793DD /* Release */ = {
			isa = XCBuildConfiguration;
			baseConfigurationReference = EBF71C3CFBB9963554D89C70 /* Pods-ItunesUITests.release.xcconfig */;
			buildSettings = {
				ALWAYS_EMBED_SWIFT_STANDARD_LIBRARIES = YES;
				CODE_SIGN_STYLE = Automatic;
				DEVELOPMENT_TEAM = B57TFVB5RM;
				INFOPLIST_FILE = ItunesUITests/Info.plist;
				LD_RUNPATH_SEARCH_PATHS = (
					"$(inherited)",
					"@executable_path/Frameworks",
					"@loader_path/Frameworks",
				);
				PRODUCT_BUNDLE_IDENTIFIER = exercice.ItunesUITests;
				PRODUCT_NAME = "$(TARGET_NAME)";
				SWIFT_VERSION = 4.2;
				TARGETED_DEVICE_FAMILY = "1,2";
				TEST_TARGET_NAME = Itunes;
			};
			name = Release;
		};
/* End XCBuildConfiguration section */

/* Begin XCConfigurationList section */
		39CF0B07223BDD68005793DD /* Build configuration list for PBXProject "Itunes" */ = {
			isa = XCConfigurationList;
			buildConfigurations = (
				39CF0B32223BDD69005793DD /* Debug */,
				39CF0B33223BDD69005793DD /* Release */,
			);
			defaultConfigurationIsVisible = 0;
			defaultConfigurationName = Release;
		};
		39CF0B34223BDD69005793DD /* Build configuration list for PBXNativeTarget "Itunes" */ = {
			isa = XCConfigurationList;
			buildConfigurations = (
				39CF0B35223BDD69005793DD /* Debug */,
				39CF0B36223BDD69005793DD /* Release */,
			);
			defaultConfigurationIsVisible = 0;
			defaultConfigurationName = Release;
		};
		39CF0B37223BDD69005793DD /* Build configuration list for PBXNativeTarget "ItunesTests" */ = {
			isa = XCConfigurationList;
			buildConfigurations = (
				39CF0B38223BDD69005793DD /* Debug */,
				39CF0B39223BDD69005793DD /* Release */,
			);
			defaultConfigurationIsVisible = 0;
			defaultConfigurationName = Release;
		};
		39CF0B3A223BDD69005793DD /* Build configuration list for PBXNativeTarget "ItunesUITests" */ = {
			isa = XCConfigurationList;
			buildConfigurations = (
				39CF0B3B223BDD69005793DD /* Debug */,
				39CF0B3C223BDD69005793DD /* Release */,
			);
			defaultConfigurationIsVisible = 0;
			defaultConfigurationName = Release;
		};
/* End XCConfigurationList section */
	};
	rootObject = 39CF0B04223BDD68005793DD /* Project object */;
}
