// !$*UTF8*$!
{
	archiveVersion = 1;
	classes = {
	};
	objectVersion = 50;
	objects = {

/* Begin PBXBuildFile section */
		39CF0B10223BDD68005793DD /* AppDelegate.swift in Sources */ = {isa = PBXBuildFile; fileRef = 39CF0B0F223BDD68005793DD /* AppDelegate.swift */; };
		39CF0B12223BDD68005793DD /* ViewController.swift in Sources */ = {isa = PBXBuildFile; fileRef = 39CF0B11223BDD68005793DD /* ViewController.swift */; };
		39CF0B15223BDD68005793DD /* Main.storyboard in Resources */ = {isa = PBXBuildFile; fileRef = 39CF0B13223BDD68005793DD /* Main.storyboard */; };
		39CF0B17223BDD69005793DD /* Assets.xcassets in Resources */ = {isa = PBXBuildFile; fileRef = 39CF0B16223BDD69005793DD /* Assets.xcassets */; };
		39CF0B1A223BDD69005793DD /* LaunchScreen.storyboard in Resources */ = {isa = PBXBuildFile; fileRef = 39CF0B18223BDD69005793DD /* LaunchScreen.storyboard */; };
		39CF0B25223BDD69005793DD /* ItunesTests.swift in Sources */ = {isa = PBXBuildFile; fileRef = 39CF0B24223BDD69005793DD /* ItunesTests.swift */; };
		39CF0B30223BDD69005793DD /* ItunesUITests.swift in Sources */ = {isa = PBXBuildFile; fileRef = 39CF0B2F223BDD69005793DD /* ItunesUITests.swift */; };
/* End PBXBuildFile section */

/* Begin PBXContainerItemProxy section */
		39CF0B21223BDD69005793DD /* PBXContainerItemProxy */ = {
			isa = PBXContainerItemProxy;
			containerPortal = 39CF0B04223BDD68005793DD /* Project object */;
			proxyType = 1;
			remoteGlobalIDString = 39CF0B0B223BDD68005793DD;
			remoteInfo = Itunes;
		};
		39CF0B2C223BDD69005793DD /* PBXContainerItemProxy */ = {
			isa = PBXContainerItemProxy;
			containerPortal = 39CF0B04223BDD68005793DD /* Project object */;
			proxyType = 1;
			remoteGlobalIDString = 39CF0B0B223BDD68005793DD;
			remoteInfo = Itunes;
		};
/* End PBXContainerItemProxy section */

/* Begin PBXFileReference section */
		39CF0B0C223BDD68005793DD /* Itunes.app */ = {isa = PBXFileReference; explicitFileType = wrapper.application; includeInIndex = 0; path = Itunes.app; sourceTree = BUILT_PRODUCTS_DIR; };
		39CF0B0F223BDD68005793DD /* AppDelegate.swift */ = {isa = PBXFileReference; lastKnownFileType = sourcecode.swift; path = AppDelegate.swift; sourceTree = "<group>"; };
		39CF0B11223BDD68005793DD /* ViewController.swift */ = {isa = PBXFileReference; lastKnownFileType = sourcecode.swift; path = ViewController.swift; sourceTree = "<group>"; };
		39CF0B14223BDD68005793DD /* Base */ = {isa = PBXFileReference; lastKnownFileType = file.storyboard; name = Base; path = Base.lproj/Main.storyboard; sourceTree = "<group>"; };
		39CF0B16223BDD69005793DD /* Assets.xcassets */ = {isa = PBXFileReference; lastKnownFileType = folder.assetcatalog; path = Assets.xcassets; sourceTree = "<group>"; };
		39CF0B19223BDD69005793DD /* Base */ = {isa = PBXFileReference; lastKnownFileType = file.storyboard; name = Base; path = Base.lproj/LaunchScreen.storyboard; sourceTree = "<group>"; };
		39CF0B1B223BDD69005793DD /* Info.plist */ = {isa = PBXFileReference; lastKnownFileType = text.plist.xml; path = Info.plist; sourceTree = "<group>"; };
		39CF0B20223BDD69005793DD /* ItunesTests.xctest */ = {isa = PBXFileReference; explicitFileType = wrapper.cfbundle; includeInIndex = 0; path = ItunesTests.xctest; sourceTree = BUILT_PRODUCTS_DIR; };
		39CF0B24223BDD69005793DD /* ItunesTests.swift */ = {isa = PBXFileReference; lastKnownFileType = sourcecode.swift; path = ItunesTests.swift; sourceTree = "<group>"; };
		39CF0B26223BDD69005793DD /* Info.plist */ = {isa = PBXFileReference; lastKnownFileType = text.plist.xml; path = Info.plist; sourceTree = "<group>"; };
		39CF0B2B223BDD69005793DD /* ItunesUITests.xctest */ = {isa = PBXFileReference; explicitFileType = wrapper.cfbundle; includeInIndex = 0; path = ItunesUITests.xctest; sourceTree = BUILT_PRODUCTS_DIR; };
		39CF0B2F223BDD69005793DD /* ItunesUITests.swift */ = {isa = PBXFileReference; lastKnownFileType = sourcecode.swift; path = ItunesUITests.swift; sourceTree = "<group>"; };
		39CF0B31223BDD69005793DD /* Info.plist */ = {isa = PBXFileReference; lastKnownFileType = text.plist.xml; path = Info.plist; sourceTree = "<group>"; };
/* End PBXFileReference section */

/* Begin PBXFrameworksBuildPhase section */
		39CF0B09223BDD68005793DD /* Frameworks */ = {
			isa = PBXFrameworksBuildPhase;
			buildActionMask = 2147483647;
			files = (
			);
			runOnlyForDeploymentPostprocessing = 0;
		};
		39CF0B1D223BDD69005793DD /* Frameworks */ = {
			isa = PBXFrameworksBuildPhase;
			buildActionMask = 2147483647;
			files = (
			);
			runOnlyForDeploymentPostprocessing = 0;
		};
		39CF0B28223BDD69005793DD /* Frameworks */ = {
			isa = PBXFrameworksBuildPhase;
			buildActionMask = 2147483647;
			files = (
			);
			runOnlyForDeploymentPostprocessing = 0;
		};
/* End PBXFrameworksBuildPhase section */

/* Begin PBXGroup section */
		39CF0B03223BDD68005793DD = {
			isa = PBXGroup;
			children = (
				39CF0B0E223BDD68005793DD /* Itunes */,
				39CF0B23223BDD69005793DD /* ItunesTests */,
				39CF0B2E223BDD69005793DD /* ItunesUITests */,
				39CF0B0D223BDD68005793DD /* Products */,
			);
			sourceTree = "<group>";
		};
		39CF0B0D223BDD68005793DD /* Products */ = {
			isa = PBXGroup;
			children = (
				39CF0B0C223BDD68005793DD /* Itunes.app */,
				39CF0B20223BDD69005793DD /* ItunesTests.xctest */,
				39CF0B2B223BDD69005793DD /* ItunesUITests.xctest */,
			);
			name = Products;
			sourceTree = "<group>";
		};
		39CF0B0E223BDD68005793DD /* Itunes */ = {
			isa = PBXGroup;
			children = (
				39CF0B0F223BDD68005793DD /* AppDelegate.swift */,
				39CF0B11223BDD68005793DD /* ViewController.swift */,
				39CF0B13223BDD68005793DD /* Main.storyboard */,
				39CF0B16223BDD69005793DD /* Assets.xcassets */,
				39CF0B18223BDD69005793DD /* LaunchScreen.storyboard */,
				39CF0B1B223BDD69005793DD /* Info.plist */,
			);
			path = Itunes;
			sourceTree = "<group>";
		};
		39CF0B23223BDD69005793DD /* ItunesTests */ = {
			isa = PBXGroup;
			children = (
				39CF0B24223BDD69005793DD /* ItunesTests.swift */,
				39CF0B26223BDD69005793DD /* Info.plist */,
			);
			path = ItunesTests;
			sourceTree = "<group>";
		};
		39CF0B2E223BDD69005793DD /* ItunesUITests */ = {
			isa = PBXGroup;
			children = (
				39CF0B2F223BDD69005793DD /* ItunesUITests.swift */,
				39CF0B31223BDD69005793DD /* Info.plist */,
			);
			path = ItunesUITests;
			sourceTree = "<group>";
		};
/* End PBXGroup section */

/* Begin PBXNativeTarget section */
		39CF0B0B223BDD68005793DD /* Itunes */ = {
			isa = PBXNativeTarget;
			buildConfigurationList = 39CF0B34223BDD69005793DD /* Build configuration list for PBXNativeTarget "Itunes" */;
			buildPhases = (
				39CF0B08223BDD68005793DD /* Sources */,
				39CF0B09223BDD68005793DD /* Frameworks */,
				39CF0B0A223BDD68005793DD /* Resources */,
			);
			buildRules = (
			);
			dependencies = (
			);
			name = Itunes;
			productName = Itunes;
			productReference = 39CF0B0C223BDD68005793DD /* Itunes.app */;
			productType = "com.apple.product-type.application";
		};
		39CF0B1F223BDD69005793DD /* ItunesTests */ = {
			isa = PBXNativeTarget;
			buildConfigurationList = 39CF0B37223BDD69005793DD /* Build configuration list for PBXNativeTarget "ItunesTests" */;
			buildPhases = (
				39CF0B1C223BDD69005793DD /* Sources */,
				39CF0B1D223BDD69005793DD /* Frameworks */,
				39CF0B1E223BDD69005793DD /* Resources */,
			);
			buildRules = (
			);
			dependencies = (
				39CF0B22223BDD69005793DD /* PBXTargetDependency */,
			);
			name = ItunesTests;
			productName = ItunesTests;
			productReference = 39CF0B20223BDD69005793DD /* ItunesTests.xctest */;
			productType = "com.apple.product-type.bundle.unit-test";
		};
		39CF0B2A223BDD69005793DD /* ItunesUITests */ = {
			isa = PBXNativeTarget;
			buildConfigurationList = 39CF0B3A223BDD69005793DD /* Build configuration list for PBXNativeTarget "ItunesUITests" */;
			buildPhases = (
				39CF0B27223BDD69005793DD /* Sources */,
				39CF0B28223BDD69005793DD /* Frameworks */,
				39CF0B29223BDD69005793DD /* Resources */,
			);
			buildRules = (
			);
			dependencies = (
				39CF0B2D223BDD69005793DD /* PBXTargetDependency */,
			);
			name = ItunesUITests;
			productName = ItunesUITests;
			productReference = 39CF0B2B223BDD69005793DD /* ItunesUITests.xctest */;
			productType = "com.apple.product-type.bundle.ui-testing";
		};
/* End PBXNativeTarget section */

/* Begin PBXProject section */
		39CF0B04223BDD68005793DD /* Project object */ = {
			isa = PBXProject;
			attributes = {
				LastSwiftUpdateCheck = 1010;
				LastUpgradeCheck = 1010;
				ORGANIZATIONNAME = "Anthony  Dupré";
				TargetAttributes = {
					39CF0B0B223BDD68005793DD = {
						CreatedOnToolsVersion = 10.1;
					};
					39CF0B1F223BDD69005793DD = {
						CreatedOnToolsVersion = 10.1;
						TestTargetID = 39CF0B0B223BDD68005793DD;
					};
					39CF0B2A223BDD69005793DD = {
						CreatedOnToolsVersion = 10.1;
						TestTargetID = 39CF0B0B223BDD68005793DD;
					};
				};
			};
			buildConfigurationList = 39CF0B07223BDD68005793DD /* Build configuration list for PBXProject "Itunes" */;
			compatibilityVersion = "Xcode 9.3";
			developmentRegion = en;
			hasScannedForEncodings = 0;
			knownRegions = (
				en,
				Base,
			);
			mainGroup = 39CF0B03223BDD68005793DD;
			productRefGroup = 39CF0B0D223BDD68005793DD /* Products */;
			projectDirPath = "";
			projectRoot = "";
			targets = (
				39CF0B0B223BDD68005793DD /* Itunes */,
				39CF0B1F223BDD69005793DD /* ItunesTests */,
				39CF0B2A223BDD69005793DD /* ItunesUITests */,
			);
		};
/* End PBXProject section */

/* Begin PBXResourcesBuildPhase section */
		39CF0B0A223BDD68005793DD /* Resources */ = {
			isa = PBXResourcesBuildPhase;
			buildActionMask = 2147483647;
			files = (
				39CF0B1A223BDD69005793DD /* LaunchScreen.storyboard in Resources */,
				39CF0B17223BDD69005793DD /* Assets.xcassets in Resources */,
				39CF0B15223BDD68005793DD /* Main.storyboard in Resources */,
			);
			runOnlyForDeploymentPostprocessing = 0;
		};
		39CF0B1E223BDD69005793DD /* Resources */ = {
			isa = PBXResourcesBuildPhase;
			buildActionMask = 2147483647;
			files = (
			);
			runOnlyForDeploymentPostprocessing = 0;
		};
		39CF0B29223BDD69005793DD /* Resources */ = {
			isa = PBXResourcesBuildPhase;
			buildActionMask = 2147483647;
			files = (
			);
			runOnlyForDeploymentPostprocessing = 0;
		};
/* End PBXResourcesBuildPhase section */

/* Begin PBXSourcesBuildPhase section */
		39CF0B08223BDD68005793DD /* Sources */ = {
			isa = PBXSourcesBuildPhase;
			buildActionMask = 2147483647;
			files = (
				39CF0B12223BDD68005793DD /* ViewController.swift in Sources */,
				39CF0B10223BDD68005793DD /* AppDelegate.swift in Sources */,
			);
			runOnlyForDeploymentPostprocessing = 0;
		};
		39CF0B1C223BDD69005793DD /* Sources */ = {
			isa = PBXSourcesBuildPhase;
			buildActionMask = 2147483647;
			files = (
				39CF0B25223BDD69005793DD /* ItunesTests.swift in Sources */,
			);
			runOnlyForDeploymentPostprocessing = 0;
		};
		39CF0B27223BDD69005793DD /* Sources */ = {
			isa = PBXSourcesBuildPhase;
			buildActionMask = 2147483647;
			files = (
				39CF0B30223BDD69005793DD /* ItunesUITests.swift in Sources */,
			);
			runOnlyForDeploymentPostprocessing = 0;
		};
/* End PBXSourcesBuildPhase section */

/* Begin PBXTargetDependency section */
		39CF0B22223BDD69005793DD /* PBXTargetDependency */ = {
			isa = PBXTargetDependency;
			target = 39CF0B0B223BDD68005793DD /* Itunes */;
			targetProxy = 39CF0B21223BDD69005793DD /* PBXContainerItemProxy */;
		};
		39CF0B2D223BDD69005793DD /* PBXTargetDependency */ = {
			isa = PBXTargetDependency;
			target = 39CF0B0B223BDD68005793DD /* Itunes */;
			targetProxy = 39CF0B2C223BDD69005793DD /* PBXContainerItemProxy */;
		};
/* End PBXTargetDependency section */

/* Begin PBXVariantGroup section */
		39CF0B13223BDD68005793DD /* Main.storyboard */ = {
			isa = PBXVariantGroup;
			children = (
				39CF0B14223BDD68005793DD /* Base */,
			);
			name = Main.storyboard;
			sourceTree = "<group>";
		};
		39CF0B18223BDD69005793DD /* LaunchScreen.storyboard */ = {
			isa = PBXVariantGroup;
			children = (
				39CF0B19223BDD69005793DD /* Base */,
			);
			name = LaunchScreen.storyboard;
			sourceTree = "<group>";
		};
/* End PBXVariantGroup section */

/* Begin XCBuildConfiguration section */
		39CF0B32223BDD69005793DD /* Debug */ = {
			isa = XCBuildConfiguration;
			buildSettings = {
				ALWAYS_SEARCH_USER_PATHS = NO;
				CLANG_ANALYZER_NONNULL = YES;
				CLANG_ANALYZER_NUMBER_OBJECT_CONVERSION = YES_AGGRESSIVE;
				CLANG_CXX_LANGUAGE_STANDARD = "gnu++14";
				CLANG_CXX_LIBRARY = "libc++";
				CLANG_ENABLE_MODULES = YES;
				CLANG_ENABLE_OBJC_ARC = YES;
				CLANG_ENABLE_OBJC_WEAK = YES;
				CLANG_WARN_BLOCK_CAPTURE_AUTORELEASING = YES;
				CLANG_WARN_BOOL_CONVERSION = YES;
				CLANG_WARN_COMMA = YES;
				CLANG_WARN_CONSTANT_CONVERSION = YES;
				CLANG_WARN_DEPRECATED_OBJC_IMPLEMENTATIONS = YES;
				CLANG_WARN_DIRECT_OBJC_ISA_USAGE = YES_ERROR;
				CLANG_WARN_DOCUMENTATION_COMMENTS = YES;
				CLANG_WARN_EMPTY_BODY = YES;
				CLANG_WARN_ENUM_CONVERSION = YES;
				CLANG_WARN_INFINITE_RECURSION = YES;
				CLANG_WARN_INT_CONVERSION = YES;
				CLANG_WARN_NON_LITERAL_NULL_CONVERSION = YES;
				CLANG_WARN_OBJC_IMPLICIT_RETAIN_SELF = YES;
				CLANG_WARN_OBJC_LITERAL_CONVERSION = YES;
				CLANG_WARN_OBJC_ROOT_CLASS = YES_ERROR;
				CLANG_WARN_RANGE_LOOP_ANALYSIS = YES;
				CLANG_WARN_STRICT_PROTOTYPES = YES;
				CLANG_WARN_SUSPICIOUS_MOVE = YES;
				CLANG_WARN_UNGUARDED_AVAILABILITY = YES_AGGRESSIVE;
				CLANG_WARN_UNREACHABLE_CODE = YES;
				CLANG_WARN__DUPLICATE_METHOD_MATCH = YES;
				CODE_SIGN_IDENTITY = "iPhone Developer";
				COPY_PHASE_STRIP = NO;
				DEBUG_INFORMATION_FORMAT = dwarf;
				ENABLE_STRICT_OBJC_MSGSEND = YES;
				ENABLE_TESTABILITY = YES;
				GCC_C_LANGUAGE_STANDARD = gnu11;
				GCC_DYNAMIC_NO_PIC = NO;
				GCC_NO_COMMON_BLOCKS = YES;
				GCC_OPTIMIZATION_LEVEL = 0;
				GCC_PREPROCESSOR_DEFINITIONS = (
					"DEBUG=1",
					"$(inherited)",
				);
				GCC_WARN_64_TO_32_BIT_CONVERSION = YES;
				GCC_WARN_ABOUT_RETURN_TYPE = YES_ERROR;
				GCC_WARN_UNDECLARED_SELECTOR = YES;
				GCC_WARN_UNINITIALIZED_AUTOS = YES_AGGRESSIVE;
				GCC_WARN_UNUSED_FUNCTION = YES;
				GCC_WARN_UNUSED_VARIABLE = YES;
				IPHONEOS_DEPLOYMENT_TARGET = 12.1;
				MTL_ENABLE_DEBUG_INFO = INCLUDE_SOURCE;
				MTL_FAST_MATH = YES;
				ONLY_ACTIVE_ARCH = YES;
				SDKROOT = iphoneos;
				SWIFT_ACTIVE_COMPILATION_CONDITIONS = DEBUG;
				SWIFT_OPTIMIZATION_LEVEL = "-Onone";
			};
			name = Debug;
		};
		39CF0B33223BDD69005793DD /* Release */ = {
			isa = XCBuildConfiguration;
			buildSettings = {
				ALWAYS_SEARCH_USER_PATHS = NO;
				CLANG_ANALYZER_NONNULL = YES;
				CLANG_ANALYZER_NUMBER_OBJECT_CONVERSION = YES_AGGRESSIVE;
				CLANG_CXX_LANGUAGE_STANDARD = "gnu++14";
				CLANG_CXX_LIBRARY = "libc++";
				CLANG_ENABLE_MODULES = YES;
				CLANG_ENABLE_OBJC_ARC = YES;
				CLANG_ENABLE_OBJC_WEAK = YES;
				CLANG_WARN_BLOCK_CAPTURE_AUTORELEASING = YES;
				CLANG_WARN_BOOL_CONVERSION = YES;
				CLANG_WARN_COMMA = YES;
				CLANG_WARN_CONSTANT_CONVERSION = YES;
				CLANG_WARN_DEPRECATED_OBJC_IMPLEMENTATIONS = YES;
				CLANG_WARN_DIRECT_OBJC_ISA_USAGE = YES_ERROR;
				CLANG_WARN_DOCUMENTATION_COMMENTS = YES;
				CLANG_WARN_EMPTY_BODY = YES;
				CLANG_WARN_ENUM_CONVERSION = YES;
				CLANG_WARN_INFINITE_RECURSION = YES;
				CLANG_WARN_INT_CONVERSION = YES;
				CLANG_WARN_NON_LITERAL_NULL_CONVERSION = YES;
				CLANG_WARN_OBJC_IMPLICIT_RETAIN_SELF = YES;
				CLANG_WARN_OBJC_LITERAL_CONVERSION = YES;
				CLANG_WARN_OBJC_ROOT_CLASS = YES_ERROR;
				CLANG_WARN_RANGE_LOOP_ANALYSIS = YES;
				CLANG_WARN_STRICT_PROTOTYPES = YES;
				CLANG_WARN_SUSPICIOUS_MOVE = YES;
				CLANG_WARN_UNGUARDED_AVAILABILITY = YES_AGGRESSIVE;
				CLANG_WARN_UNREACHABLE_CODE = YES;
				CLANG_WARN__DUPLICATE_METHOD_MATCH = YES;
				CODE_SIGN_IDENTITY = "iPhone Developer";
				COPY_PHASE_STRIP = NO;
				DEBUG_INFORMATION_FORMAT = "dwarf-with-dsym";
				ENABLE_NS_ASSERTIONS = NO;
				ENABLE_STRICT_OBJC_MSGSEND = YES;
				GCC_C_LANGUAGE_STANDARD = gnu11;
				GCC_NO_COMMON_BLOCKS = YES;
				GCC_WARN_64_TO_32_BIT_CONVERSION = YES;
				GCC_WARN_ABOUT_RETURN_TYPE = YES_ERROR;
				GCC_WARN_UNDECLARED_SELECTOR = YES;
				GCC_WARN_UNINITIALIZED_AUTOS = YES_AGGRESSIVE;
				GCC_WARN_UNUSED_FUNCTION = YES;
				GCC_WARN_UNUSED_VARIABLE = YES;
				IPHONEOS_DEPLOYMENT_TARGET = 12.1;
				MTL_ENABLE_DEBUG_INFO = NO;
				MTL_FAST_MATH = YES;
				SDKROOT = iphoneos;
				SWIFT_COMPILATION_MODE = wholemodule;
				SWIFT_OPTIMIZATION_LEVEL = "-O";
				VALIDATE_PRODUCT = YES;
			};
			name = Release;
		};
		39CF0B35223BDD69005793DD /* Debug */ = {
			isa = XCBuildConfiguration;
			buildSettings = {
				ASSETCATALOG_COMPILER_APPICON_NAME = AppIcon;
				CODE_SIGN_STYLE = Automatic;
				DEVELOPMENT_TEAM = B57TFVB5RM;
				INFOPLIST_FILE = Itunes/Info.plist;
				LD_RUNPATH_SEARCH_PATHS = (
					"$(inherited)",
					"@executable_path/Frameworks",
				);
				PRODUCT_BUNDLE_IDENTIFIER = exercice.Itunes;
				PRODUCT_NAME = "$(TARGET_NAME)";
				SWIFT_VERSION = 4.2;
				TARGETED_DEVICE_FAMILY = "1,2";
			};
			name = Debug;
		};
		39CF0B36223BDD69005793DD /* Release */ = {
			isa = XCBuildConfiguration;
			buildSettings = {
				ASSETCATALOG_COMPILER_APPICON_NAME = AppIcon;
				CODE_SIGN_STYLE = Automatic;
				DEVELOPMENT_TEAM = B57TFVB5RM;
				INFOPLIST_FILE = Itunes/Info.plist;
				LD_RUNPATH_SEARCH_PATHS = (
					"$(inherited)",
					"@executable_path/Frameworks",
				);
				PRODUCT_BUNDLE_IDENTIFIER = exercice.Itunes;
				PRODUCT_NAME = "$(TARGET_NAME)";
				SWIFT_VERSION = 4.2;
				TARGETED_DEVICE_FAMILY = "1,2";
			};
			name = Release;
		};
		39CF0B38223BDD69005793DD /* Debug */ = {
			isa = XCBuildConfiguration;
			buildSettings = {
				ALWAYS_EMBED_SWIFT_STANDARD_LIBRARIES = YES;
				BUNDLE_LOADER = "$(TEST_HOST)";
				CODE_SIGN_STYLE = Automatic;
				DEVELOPMENT_TEAM = B57TFVB5RM;
				INFOPLIST_FILE = ItunesTests/Info.plist;
				LD_RUNPATH_SEARCH_PATHS = (
					"$(inherited)",
					"@executable_path/Frameworks",
					"@loader_path/Frameworks",
				);
				PRODUCT_BUNDLE_IDENTIFIER = exercice.ItunesTests;
				PRODUCT_NAME = "$(TARGET_NAME)";
				SWIFT_VERSION = 4.2;
				TARGETED_DEVICE_FAMILY = "1,2";
				TEST_HOST = "$(BUILT_PRODUCTS_DIR)/Itunes.app/Itunes";
			};
			name = Debug;
		};
		39CF0B39223BDD69005793DD /* Release */ = {
			isa = XCBuildConfiguration;
			buildSettings = {
				ALWAYS_EMBED_SWIFT_STANDARD_LIBRARIES = YES;
				BUNDLE_LOADER = "$(TEST_HOST)";
				CODE_SIGN_STYLE = Automatic;
				DEVELOPMENT_TEAM = B57TFVB5RM;
				INFOPLIST_FILE = ItunesTests/Info.plist;
				LD_RUNPATH_SEARCH_PATHS = (
					"$(inherited)",
					"@executable_path/Frameworks",
					"@loader_path/Frameworks",
				);
				PRODUCT_BUNDLE_IDENTIFIER = exercice.ItunesTests;
				PRODUCT_NAME = "$(TARGET_NAME)";
				SWIFT_VERSION = 4.2;
				TARGETED_DEVICE_FAMILY = "1,2";
				TEST_HOST = "$(BUILT_PRODUCTS_DIR)/Itunes.app/Itunes";
			};
			name = Release;
		};
		39CF0B3B223BDD69005793DD /* Debug */ = {
			isa = XCBuildConfiguration;
			buildSettings = {
				ALWAYS_EMBED_SWIFT_STANDARD_LIBRARIES = YES;
				CODE_SIGN_STYLE = Automatic;
				DEVELOPMENT_TEAM = B57TFVB5RM;
				INFOPLIST_FILE = ItunesUITests/Info.plist;
				LD_RUNPATH_SEARCH_PATHS = (
					"$(inherited)",
					"@executable_path/Frameworks",
					"@loader_path/Frameworks",
				);
				PRODUCT_BUNDLE_IDENTIFIER = exercice.ItunesUITests;
				PRODUCT_NAME = "$(TARGET_NAME)";
				SWIFT_VERSION = 4.2;
				TARGETED_DEVICE_FAMILY = "1,2";
				TEST_TARGET_NAME = Itunes;
			};
			name = Debug;
		};
		39CF0B3C223BDD69005793DD /* Release */ = {
			isa = XCBuildConfiguration;
			buildSettings = {
				ALWAYS_EMBED_SWIFT_STANDARD_LIBRARIES = YES;
				CODE_SIGN_STYLE = Automatic;
				DEVELOPMENT_TEAM = B57TFVB5RM;
				INFOPLIST_FILE = ItunesUITests/Info.plist;
				LD_RUNPATH_SEARCH_PATHS = (
					"$(inherited)",
					"@executable_path/Frameworks",
					"@loader_path/Frameworks",
				);
				PRODUCT_BUNDLE_IDENTIFIER = exercice.ItunesUITests;
				PRODUCT_NAME = "$(TARGET_NAME)";
				SWIFT_VERSION = 4.2;
				TARGETED_DEVICE_FAMILY = "1,2";
				TEST_TARGET_NAME = Itunes;
			};
			name = Release;
		};
/* End XCBuildConfiguration section */

/* Begin XCConfigurationList section */
		39CF0B07223BDD68005793DD /* Build configuration list for PBXProject "Itunes" */ = {
			isa = XCConfigurationList;
			buildConfigurations = (
				39CF0B32223BDD69005793DD /* Debug */,
				39CF0B33223BDD69005793DD /* Release */,
			);
			defaultConfigurationIsVisible = 0;
			defaultConfigurationName = Release;
		};
		39CF0B34223BDD69005793DD /* Build configuration list for PBXNativeTarget "Itunes" */ = {
			isa = XCConfigurationList;
			buildConfigurations = (
				39CF0B35223BDD69005793DD /* Debug */,
				39CF0B36223BDD69005793DD /* Release */,
			);
			defaultConfigurationIsVisible = 0;
			defaultConfigurationName = Release;
		};
		39CF0B37223BDD69005793DD /* Build configuration list for PBXNativeTarget "ItunesTests" */ = {
			isa = XCConfigurationList;
			buildConfigurations = (
				39CF0B38223BDD69005793DD /* Debug */,
				39CF0B39223BDD69005793DD /* Release */,
			);
			defaultConfigurationIsVisible = 0;
			defaultConfigurationName = Release;
		};
		39CF0B3A223BDD69005793DD /* Build configuration list for PBXNativeTarget "ItunesUITests" */ = {
			isa = XCConfigurationList;
			buildConfigurations = (
				39CF0B3B223BDD69005793DD /* Debug */,
				39CF0B3C223BDD69005793DD /* Release */,
			);
			defaultConfigurationIsVisible = 0;
			defaultConfigurationName = Release;
		};
/* End XCConfigurationList section */
	};
	rootObject = 39CF0B04223BDD68005793DD /* Project object */;
}
